
Microsoft Visual Studio Solution File, Format Version 12.00
# Visual Studio 2013
VisualStudioVersion = 12.0.21005.1
MinimumVisualStudioVersion = 10.0.40219.1
Project("{FAE04EC0-301F-11D3-BF4B-00C04F79EFBC}") = "IO_zaj_05.05.14", "IO_zaj_05.05.14\IO_zaj_05.05.14.csproj", "{016F082D-D5A2-4068-BA7C-960CBEE55A41}"
EndProject
Project("{FAE04EC0-301F-11D3-BF4B-00C04F79EFBC}") = "Models", "Models\Models.csproj", "{DDF49AA8-CB83-4FA5-AB71-4992F7B6F9BB}"
EndProject
Project("{FAE04EC0-301F-11D3-BF4B-00C04F79EFBC}") = "Logic", "Logic\Logic.csproj", "{8F5DA433-F76F-47D5-BB01-674045E8692E}"
EndProject
Project("{FAE04EC0-301F-11D3-BF4B-00C04F79EFBC}") = "Services", "Services\Services.csproj", "{18304EEC-CB8A-4ED6-A987-90B89A531AD7}"
EndProject
Global
	GlobalSection(SolutionConfigurationPlatforms) = preSolution
		Debug|Any CPU = Debug|Any CPU
		Release|Any CPU = Release|Any CPU
	EndGlobalSection
	GlobalSection(ProjectConfigurationPlatforms) = postSolution
		{016F082D-D5A2-4068-BA7C-960CBEE55A41}.Debug|Any CPU.ActiveCfg = Debug|Any CPU
		{016F082D-D5A2-4068-BA7C-960CBEE55A41}.Debug|Any CPU.Build.0 = Debug|Any CPU
		{016F082D-D5A2-4068-BA7C-960CBEE55A41}.Release|Any CPU.ActiveCfg = Release|Any CPU
		{016F082D-D5A2-4068-BA7C-960CBEE55A41}.Release|Any CPU.Build.0 = Release|Any CPU
		{DDF49AA8-CB83-4FA5-AB71-4992F7B6F9BB}.Debug|Any CPU.ActiveCfg = Debug|Any CPU
		{DDF49AA8-CB83-4FA5-AB71-4992F7B6F9BB}.Debug|Any CPU.Build.0 = Debug|Any CPU
		{DDF49AA8-CB83-4FA5-AB71-4992F7B6F9BB}.Release|Any CPU.ActiveCfg = Release|Any CPU
		{DDF49AA8-CB83-4FA5-AB71-4992F7B6F9BB}.Release|Any CPU.Build.0 = Release|Any CPU
		{8F5DA433-F76F-47D5-BB01-674045E8692E}.Debug|Any CPU.ActiveCfg = Debug|Any CPU
		{8F5DA433-F76F-47D5-BB01-674045E8692E}.Debug|Any CPU.Build.0 = Debug|Any CPU
		{8F5DA433-F76F-47D5-BB01-674045E8692E}.Release|Any CPU.ActiveCfg = Release|Any CPU
		{8F5DA433-F76F-47D5-BB01-674045E8692E}.Release|Any CPU.Build.0 = Release|Any CPU
		{18304EEC-CB8A-4ED6-A987-90B89A531AD7}.Debug|Any CPU.ActiveCfg = Debug|Any CPU
		{18304EEC-CB8A-4ED6-A987-90B89A531AD7}.Debug|Any CPU.Build.0 = Debug|Any CPU
		{18304EEC-CB8A-4ED6-A987-90B89A531AD7}.Release|Any CPU.ActiveCfg = Release|Any CPU
		{18304EEC-CB8A-4ED6-A987-90B89A531AD7}.Release|Any CPU.Build.0 = Release|Any CPU
	EndGlobalSection
	GlobalSection(SolutionProperties) = preSolution
		HideSolutionNode = FALSE
	EndGlobalSection
EndGlobal
