
Microsoft Visual Studio Solution File, Format Version 12.00
# Visual Studio 2013
VisualStudioVersion = 12.0.30110.0
MinimumVisualStudioVersion = 10.0.40219.1
Project("{FAE04EC0-301F-11D3-BF4B-00C04F79EFBC}") = "TDD_Lab_01", "TDD_Lab_01\TDD_Lab_01.csproj", "{092A060B-9B53-47A7-B48B-7ED232279935}"
EndProject
Project("{FAE04EC0-301F-11D3-BF4B-00C04F79EFBC}") = "FissBassConsole", "FissBassConsole\FissBassConsole.csproj", "{C31952FE-9122-4BC9-A7C1-84C6C736A891}"
EndProject
Project("{FAE04EC0-301F-11D3-BF4B-00C04F79EFBC}") = "FissBassWPF", "FissBassWPF\FissBassWPF.csproj", "{3FD95D71-CDA4-4FEC-B270-4F57388B37DA}"
EndProject
Project("{FAE04EC0-301F-11D3-BF4B-00C04F79EFBC}") = "TDD_Lab_02", "TDD_Lab_02\TDD_Lab_02.csproj", "{205E26E4-00CA-45C3-BF45-146CAE2C206F}"
EndProject
Project("{FAE04EC0-301F-11D3-BF4B-00C04F79EFBC}") = "TDD_Lab_02.Test", "TDDD_Lab_02.Test\TDD_Lab_02.Test.csproj", "{8FEF0B92-DF16-4C2A-AB8B-91B4AFE2757C}"
EndProject
Project("{FAE04EC0-301F-11D3-BF4B-00C04F79EFBC}") = "AngularJS_Zad_1", "AngularJS_Zad_1\AngularJS_Zad_1.csproj", "{BF88C99B-7355-4FC7-9D2E-2D410E2535BE}"
EndProject
Global
	GlobalSection(SolutionConfigurationPlatforms) = preSolution
		Debug|Any CPU = Debug|Any CPU
		Release|Any CPU = Release|Any CPU
	EndGlobalSection
	GlobalSection(ProjectConfigurationPlatforms) = postSolution
		{092A060B-9B53-47A7-B48B-7ED232279935}.Debug|Any CPU.ActiveCfg = Debug|Any CPU
		{092A060B-9B53-47A7-B48B-7ED232279935}.Debug|Any CPU.Build.0 = Debug|Any CPU
		{092A060B-9B53-47A7-B48B-7ED232279935}.Release|Any CPU.ActiveCfg = Release|Any CPU
		{092A060B-9B53-47A7-B48B-7ED232279935}.Release|Any CPU.Build.0 = Release|Any CPU
		{C31952FE-9122-4BC9-A7C1-84C6C736A891}.Debug|Any CPU.ActiveCfg = Debug|Any CPU
		{C31952FE-9122-4BC9-A7C1-84C6C736A891}.Debug|Any CPU.Build.0 = Debug|Any CPU
		{C31952FE-9122-4BC9-A7C1-84C6C736A891}.Release|Any CPU.ActiveCfg = Release|Any CPU
		{C31952FE-9122-4BC9-A7C1-84C6C736A891}.Release|Any CPU.Build.0 = Release|Any CPU
		{3FD95D71-CDA4-4FEC-B270-4F57388B37DA}.Debug|Any CPU.ActiveCfg = Debug|Any CPU
		{3FD95D71-CDA4-4FEC-B270-4F57388B37DA}.Debug|Any CPU.Build.0 = Debug|Any CPU
		{3FD95D71-CDA4-4FEC-B270-4F57388B37DA}.Release|Any CPU.ActiveCfg = Release|Any CPU
		{3FD95D71-CDA4-4FEC-B270-4F57388B37DA}.Release|Any CPU.Build.0 = Release|Any CPU
		{205E26E4-00CA-45C3-BF45-146CAE2C206F}.Debug|Any CPU.ActiveCfg = Debug|Any CPU
		{205E26E4-00CA-45C3-BF45-146CAE2C206F}.Debug|Any CPU.Build.0 = Debug|Any CPU
		{205E26E4-00CA-45C3-BF45-146CAE2C206F}.Release|Any CPU.ActiveCfg = Release|Any CPU
		{205E26E4-00CA-45C3-BF45-146CAE2C206F}.Release|Any CPU.Build.0 = Release|Any CPU
		{8FEF0B92-DF16-4C2A-AB8B-91B4AFE2757C}.Debug|Any CPU.ActiveCfg = Debug|Any CPU
		{8FEF0B92-DF16-4C2A-AB8B-91B4AFE2757C}.Debug|Any CPU.Build.0 = Debug|Any CPU
		{8FEF0B92-DF16-4C2A-AB8B-91B4AFE2757C}.Release|Any CPU.ActiveCfg = Release|Any CPU
		{8FEF0B92-DF16-4C2A-AB8B-91B4AFE2757C}.Release|Any CPU.Build.0 = Release|Any CPU
		{BF88C99B-7355-4FC7-9D2E-2D410E2535BE}.Debug|Any CPU.ActiveCfg = Debug|Any CPU
		{BF88C99B-7355-4FC7-9D2E-2D410E2535BE}.Debug|Any CPU.Build.0 = Debug|Any CPU
		{BF88C99B-7355-4FC7-9D2E-2D410E2535BE}.Release|Any CPU.ActiveCfg = Release|Any CPU
		{BF88C99B-7355-4FC7-9D2E-2D410E2535BE}.Release|Any CPU.Build.0 = Release|Any CPU
	EndGlobalSection
	GlobalSection(SolutionProperties) = preSolution
		HideSolutionNode = FALSE
	EndGlobalSection
EndGlobal
