
Microsoft Visual Studio Solution File, Format Version 12.00
# Visual Studio 2013
VisualStudioVersion = 12.0.21005.1
MinimumVisualStudioVersion = 10.0.40219.1
Project("{FAE04EC0-301F-11D3-BF4B-00C04F79EFBC}") = "FizzBuzzGame", "FizzBuzzGame\FizzBuzzGame.csproj", "{650BED62-ED9D-45CD-8DFB-880E3474F03B}"
EndProject
Project("{FAE04EC0-301F-11D3-BF4B-00C04F79EFBC}") = "FizzBuzzGameTests", "FizzBuzzGameTests\FizzBuzzGameTests.csproj", "{4DEC2942-883A-4768-85B1-13AB422F0407}"
EndProject
Global
	GlobalSection(SolutionConfigurationPlatforms) = preSolution
		Debug|Any CPU = Debug|Any CPU
		Release|Any CPU = Release|Any CPU
	EndGlobalSection
	GlobalSection(ProjectConfigurationPlatforms) = postSolution
		{650BED62-ED9D-45CD-8DFB-880E3474F03B}.Debug|Any CPU.ActiveCfg = Debug|Any CPU
		{650BED62-ED9D-45CD-8DFB-880E3474F03B}.Debug|Any CPU.Build.0 = Debug|Any CPU
		{650BED62-ED9D-45CD-8DFB-880E3474F03B}.Release|Any CPU.ActiveCfg = Release|Any CPU
		{650BED62-ED9D-45CD-8DFB-880E3474F03B}.Release|Any CPU.Build.0 = Release|Any CPU
		{4DEC2942-883A-4768-85B1-13AB422F0407}.Debug|Any CPU.ActiveCfg = Debug|Any CPU
		{4DEC2942-883A-4768-85B1-13AB422F0407}.Debug|Any CPU.Build.0 = Debug|Any CPU
		{4DEC2942-883A-4768-85B1-13AB422F0407}.Release|Any CPU.ActiveCfg = Release|Any CPU
		{4DEC2942-883A-4768-85B1-13AB422F0407}.Release|Any CPU.Build.0 = Release|Any CPU
	EndGlobalSection
	GlobalSection(SolutionProperties) = preSolution
		HideSolutionNode = FALSE
	EndGlobalSection
EndGlobal
