
Microsoft Visual Studio Solution File, Format Version 12.00
# Visual Studio 2013
VisualStudioVersion = 12.0.21005.1
MinimumVisualStudioVersion = 10.0.40219.1
Project("{FAE04EC0-301F-11D3-BF4B-00C04F79EFBC}") = "FizzBuzzGame", "FizzBuzzGame\FizzBuzzGame.csproj", "{C2B51816-FE1D-4210-B7A2-AD9C173F6DB0}"
EndProject
Project("{FAE04EC0-301F-11D3-BF4B-00C04F79EFBC}") = "FizzBuzzGameTests", "FizzBuzzGameTests\FizzBuzzGameTests.csproj", "{C0B225C1-E1A2-4A7F-9FE4-B9032AA0AB9B}"
EndProject
Global
	GlobalSection(SolutionConfigurationPlatforms) = preSolution
		Debug|Any CPU = Debug|Any CPU
		Release|Any CPU = Release|Any CPU
	EndGlobalSection
	GlobalSection(ProjectConfigurationPlatforms) = postSolution
		{C2B51816-FE1D-4210-B7A2-AD9C173F6DB0}.Debug|Any CPU.ActiveCfg = Debug|Any CPU
		{C2B51816-FE1D-4210-B7A2-AD9C173F6DB0}.Debug|Any CPU.Build.0 = Debug|Any CPU
		{C2B51816-FE1D-4210-B7A2-AD9C173F6DB0}.Release|Any CPU.ActiveCfg = Release|Any CPU
		{C2B51816-FE1D-4210-B7A2-AD9C173F6DB0}.Release|Any CPU.Build.0 = Release|Any CPU
		{C0B225C1-E1A2-4A7F-9FE4-B9032AA0AB9B}.Debug|Any CPU.ActiveCfg = Debug|Any CPU
		{C0B225C1-E1A2-4A7F-9FE4-B9032AA0AB9B}.Debug|Any CPU.Build.0 = Debug|Any CPU
		{C0B225C1-E1A2-4A7F-9FE4-B9032AA0AB9B}.Release|Any CPU.ActiveCfg = Release|Any CPU
		{C0B225C1-E1A2-4A7F-9FE4-B9032AA0AB9B}.Release|Any CPU.Build.0 = Release|Any CPU
	EndGlobalSection
	GlobalSection(SolutionProperties) = preSolution
		HideSolutionNode = FALSE
	EndGlobalSection
EndGlobal
