
Microsoft Visual Studio Solution File, Format Version 12.00
# Visual Studio 2013
VisualStudioVersion = 12.0.21005.1
MinimumVisualStudioVersion = 10.0.40219.1
Project("{FAE04EC0-301F-11D3-BF4B-00C04F79EFBC}") = "tdd_1a", "tdd_1a\tdd_1a.csproj", "{734E59FB-BF0D-4F24-AB0B-06CA536F3A89}"
EndProject
Project("{FAE04EC0-301F-11D3-BF4B-00C04F79EFBC}") = "konsola", "konsola\konsola.csproj", "{683E3A77-8D9D-486D-B9E9-CBA88DE15EAC}"
EndProject
Project("{FAE04EC0-301F-11D3-BF4B-00C04F79EFBC}") = "NSubstitute_Projekt", "NSubstitute_Projekt\NSubstitute_Projekt.csproj", "{7E074BE8-3F4B-4C6F-A556-B1A1A8708A56}"
EndProject
Global
	GlobalSection(SolutionConfigurationPlatforms) = preSolution
		Debug|Any CPU = Debug|Any CPU
		Release|Any CPU = Release|Any CPU
	EndGlobalSection
	GlobalSection(ProjectConfigurationPlatforms) = postSolution
		{734E59FB-BF0D-4F24-AB0B-06CA536F3A89}.Debug|Any CPU.ActiveCfg = Debug|Any CPU
		{734E59FB-BF0D-4F24-AB0B-06CA536F3A89}.Debug|Any CPU.Build.0 = Debug|Any CPU
		{734E59FB-BF0D-4F24-AB0B-06CA536F3A89}.Release|Any CPU.ActiveCfg = Release|Any CPU
		{734E59FB-BF0D-4F24-AB0B-06CA536F3A89}.Release|Any CPU.Build.0 = Release|Any CPU
		{683E3A77-8D9D-486D-B9E9-CBA88DE15EAC}.Debug|Any CPU.ActiveCfg = Debug|Any CPU
		{683E3A77-8D9D-486D-B9E9-CBA88DE15EAC}.Debug|Any CPU.Build.0 = Debug|Any CPU
		{683E3A77-8D9D-486D-B9E9-CBA88DE15EAC}.Release|Any CPU.ActiveCfg = Release|Any CPU
		{683E3A77-8D9D-486D-B9E9-CBA88DE15EAC}.Release|Any CPU.Build.0 = Release|Any CPU
		{7E074BE8-3F4B-4C6F-A556-B1A1A8708A56}.Debug|Any CPU.ActiveCfg = Debug|Any CPU
		{7E074BE8-3F4B-4C6F-A556-B1A1A8708A56}.Debug|Any CPU.Build.0 = Debug|Any CPU
		{7E074BE8-3F4B-4C6F-A556-B1A1A8708A56}.Release|Any CPU.ActiveCfg = Release|Any CPU
		{7E074BE8-3F4B-4C6F-A556-B1A1A8708A56}.Release|Any CPU.Build.0 = Release|Any CPU
	EndGlobalSection
	GlobalSection(SolutionProperties) = preSolution
		HideSolutionNode = FALSE
	EndGlobalSection
EndGlobal
