
Microsoft Visual Studio Solution File, Format Version 12.00
# Visual Studio 2012
Project("{FAE04EC0-301F-11D3-BF4B-00C04F79EFBC}") = "tdd", "tdd\tdd.csproj", "{734E59FB-BF0D-4F24-AB0B-06CA536F3A89}"
EndProject
Project("{FAE04EC0-301F-11D3-BF4B-00C04F79EFBC}") = "konsola", "konsola\konsola.csproj", "{683E3A77-8D9D-486D-B9E9-CBA88DE15EAC}"
EndProject
Project("{FAE04EC0-301F-11D3-BF4B-00C04F79EFBC}") = "mock", "mock\mock.csproj", "{7E074BE8-3F4B-4C6F-A556-B1A1A8708A56}"
EndProject
Project("{FAE04EC0-301F-11D3-BF4B-00C04F79EFBC}") = "angular", "angular\angular.csproj", "{BFF54111-BDCF-41B9-9364-BB282AAFC568}"
EndProject
Project("{FAE04EC0-301F-11D3-BF4B-00C04F79EFBC}") = "testy", "testy\testy.csproj", "{ED0D6631-AFE0-49FA-9EF3-704E137FB588}"
EndProject
Project("{FAE04EC0-301F-11D3-BF4B-00C04F79EFBC}") = "mvc", "mvc\mvc.csproj", "{A87B79E0-226E-49CA-ADC4-F0920A550D4B}"
EndProject
Global
	GlobalSection(SolutionConfigurationPlatforms) = preSolution
		Debug|Any CPU = Debug|Any CPU
		Release|Any CPU = Release|Any CPU
	EndGlobalSection
	GlobalSection(ProjectConfigurationPlatforms) = postSolution
		{734E59FB-BF0D-4F24-AB0B-06CA536F3A89}.Debug|Any CPU.ActiveCfg = Debug|Any CPU
		{734E59FB-BF0D-4F24-AB0B-06CA536F3A89}.Debug|Any CPU.Build.0 = Debug|Any CPU
		{734E59FB-BF0D-4F24-AB0B-06CA536F3A89}.Release|Any CPU.ActiveCfg = Release|Any CPU
		{734E59FB-BF0D-4F24-AB0B-06CA536F3A89}.Release|Any CPU.Build.0 = Release|Any CPU
		{683E3A77-8D9D-486D-B9E9-CBA88DE15EAC}.Debug|Any CPU.ActiveCfg = Debug|Any CPU
		{683E3A77-8D9D-486D-B9E9-CBA88DE15EAC}.Debug|Any CPU.Build.0 = Debug|Any CPU
		{683E3A77-8D9D-486D-B9E9-CBA88DE15EAC}.Release|Any CPU.ActiveCfg = Release|Any CPU
		{683E3A77-8D9D-486D-B9E9-CBA88DE15EAC}.Release|Any CPU.Build.0 = Release|Any CPU
		{7E074BE8-3F4B-4C6F-A556-B1A1A8708A56}.Debug|Any CPU.ActiveCfg = Debug|Any CPU
		{7E074BE8-3F4B-4C6F-A556-B1A1A8708A56}.Debug|Any CPU.Build.0 = Debug|Any CPU
		{7E074BE8-3F4B-4C6F-A556-B1A1A8708A56}.Release|Any CPU.ActiveCfg = Release|Any CPU
		{7E074BE8-3F4B-4C6F-A556-B1A1A8708A56}.Release|Any CPU.Build.0 = Release|Any CPU
		{BFF54111-BDCF-41B9-9364-BB282AAFC568}.Debug|Any CPU.ActiveCfg = Debug|Any CPU
		{BFF54111-BDCF-41B9-9364-BB282AAFC568}.Debug|Any CPU.Build.0 = Debug|Any CPU
		{BFF54111-BDCF-41B9-9364-BB282AAFC568}.Release|Any CPU.ActiveCfg = Release|Any CPU
		{BFF54111-BDCF-41B9-9364-BB282AAFC568}.Release|Any CPU.Build.0 = Release|Any CPU
		{ED0D6631-AFE0-49FA-9EF3-704E137FB588}.Debug|Any CPU.ActiveCfg = Debug|Any CPU
		{ED0D6631-AFE0-49FA-9EF3-704E137FB588}.Debug|Any CPU.Build.0 = Debug|Any CPU
		{ED0D6631-AFE0-49FA-9EF3-704E137FB588}.Debug|Any CPU.Deploy.0 = Debug|Any CPU
		{ED0D6631-AFE0-49FA-9EF3-704E137FB588}.Release|Any CPU.ActiveCfg = Release|Any CPU
		{ED0D6631-AFE0-49FA-9EF3-704E137FB588}.Release|Any CPU.Build.0 = Release|Any CPU
		{A87B79E0-226E-49CA-ADC4-F0920A550D4B}.Debug|Any CPU.ActiveCfg = Debug|Any CPU
		{A87B79E0-226E-49CA-ADC4-F0920A550D4B}.Debug|Any CPU.Build.0 = Debug|Any CPU
		{A87B79E0-226E-49CA-ADC4-F0920A550D4B}.Release|Any CPU.ActiveCfg = Release|Any CPU
		{A87B79E0-226E-49CA-ADC4-F0920A550D4B}.Release|Any CPU.Build.0 = Release|Any CPU
	EndGlobalSection
	GlobalSection(SolutionProperties) = preSolution
		HideSolutionNode = FALSE
	EndGlobalSection
EndGlobal
