
Microsoft Visual Studio Solution File, Format Version 12.00
# Visual Studio 2013
VisualStudioVersion = 12.0.30501.0
MinimumVisualStudioVersion = 10.0.40219.1
Project("{FAE04EC0-301F-11D3-BF4B-00C04F79EFBC}") = "SeleniumWebDriver1", "SeleniumWebDriver1\SeleniumWebDriver1.csproj", "{68760EA1-0AC8-4902-8284-614267751BAD}"
EndProject
Project("{2150E333-8FDC-42A3-9474-1A3956D46DE8}") = ".nuget", ".nuget", "{C341EACF-D293-4767-A54E-E7FD6C626AC6}"
	ProjectSection(SolutionItems) = preProject
		.nuget\packages.config = .nuget\packages.config
	EndProjectSection
EndProject
Project("{FAE04EC0-301F-11D3-BF4B-00C04F79EFBC}") = "SeleniumWebBrowser.Tests", "SeleniumWebBrowser.Tests\SeleniumWebBrowser.Tests.csproj", "{5A1E7F5B-62A4-4B97-8DA7-2C7321577585}"
EndProject
Global
	GlobalSection(SolutionConfigurationPlatforms) = preSolution
		Debug|Any CPU = Debug|Any CPU
		Release|Any CPU = Release|Any CPU
	EndGlobalSection
	GlobalSection(ProjectConfigurationPlatforms) = postSolution
		{68760EA1-0AC8-4902-8284-614267751BAD}.Debug|Any CPU.ActiveCfg = Debug|Any CPU
		{68760EA1-0AC8-4902-8284-614267751BAD}.Debug|Any CPU.Build.0 = Debug|Any CPU
		{68760EA1-0AC8-4902-8284-614267751BAD}.Release|Any CPU.ActiveCfg = Release|Any CPU
		{68760EA1-0AC8-4902-8284-614267751BAD}.Release|Any CPU.Build.0 = Release|Any CPU
		{5A1E7F5B-62A4-4B97-8DA7-2C7321577585}.Debug|Any CPU.ActiveCfg = Debug|Any CPU
		{5A1E7F5B-62A4-4B97-8DA7-2C7321577585}.Debug|Any CPU.Build.0 = Debug|Any CPU
		{5A1E7F5B-62A4-4B97-8DA7-2C7321577585}.Release|Any CPU.ActiveCfg = Release|Any CPU
		{5A1E7F5B-62A4-4B97-8DA7-2C7321577585}.Release|Any CPU.Build.0 = Release|Any CPU
	EndGlobalSection
	GlobalSection(SolutionProperties) = preSolution
		HideSolutionNode = FALSE
	EndGlobalSection
EndGlobal
