
Microsoft Visual Studio Solution File, Format Version 12.00
# Visual Studio 2013
VisualStudioVersion = 12.0.21005.1
MinimumVisualStudioVersion = 10.0.40219.1
Project("{FAE04EC0-301F-11D3-BF4B-00C04F79EFBC}") = "projekt1", "projekt1\projekt1.csproj", "{58962267-7069-4218-9F29-1DFDB9590F14}"
EndProject
Project("{FAE04EC0-301F-11D3-BF4B-00C04F79EFBC}") = "projekt2", "projekt2\projekt2.csproj", "{3E090512-ED96-4963-B6BE-F77781D6DA94}"
EndProject
Global
	GlobalSection(SolutionConfigurationPlatforms) = preSolution
		Debug|Any CPU = Debug|Any CPU
		Release|Any CPU = Release|Any CPU
	EndGlobalSection
	GlobalSection(ProjectConfigurationPlatforms) = postSolution
		{58962267-7069-4218-9F29-1DFDB9590F14}.Debug|Any CPU.ActiveCfg = Debug|Any CPU
		{58962267-7069-4218-9F29-1DFDB9590F14}.Debug|Any CPU.Build.0 = Debug|Any CPU
		{58962267-7069-4218-9F29-1DFDB9590F14}.Release|Any CPU.ActiveCfg = Release|Any CPU
		{58962267-7069-4218-9F29-1DFDB9590F14}.Release|Any CPU.Build.0 = Release|Any CPU
		{3E090512-ED96-4963-B6BE-F77781D6DA94}.Debug|Any CPU.ActiveCfg = Debug|Any CPU
		{3E090512-ED96-4963-B6BE-F77781D6DA94}.Debug|Any CPU.Build.0 = Debug|Any CPU
		{3E090512-ED96-4963-B6BE-F77781D6DA94}.Release|Any CPU.ActiveCfg = Release|Any CPU
		{3E090512-ED96-4963-B6BE-F77781D6DA94}.Release|Any CPU.Build.0 = Release|Any CPU
	EndGlobalSection
	GlobalSection(SolutionProperties) = preSolution
		HideSolutionNode = FALSE
	EndGlobalSection
EndGlobal
