
Microsoft Visual Studio Solution File, Format Version 12.00
# Visual Studio 2013
VisualStudioVersion = 12.0.21005.1
MinimumVisualStudioVersion = 10.0.40219.1
Project("{FAE04EC0-301F-11D3-BF4B-00C04F79EFBC}") = "solucja2", "solucja2\solucja2.csproj", "{004EB3C2-F9BF-417C-8A58-36F646BCC47F}"
EndProject
Project("{FAE04EC0-301F-11D3-BF4B-00C04F79EFBC}") = "utility", "utility\utility.csproj", "{623210F7-4129-46E4-9F7F-CE4EEE1BEF74}"
EndProject
Project("{FAE04EC0-301F-11D3-BF4B-00C04F79EFBC}") = "tests", "tests\tests.csproj", "{A35A1A09-C427-4404-81FF-EED6C45CBB1F}"
EndProject
Global
	GlobalSection(SolutionConfigurationPlatforms) = preSolution
		Debug|Any CPU = Debug|Any CPU
		Release|Any CPU = Release|Any CPU
	EndGlobalSection
	GlobalSection(ProjectConfigurationPlatforms) = postSolution
		{004EB3C2-F9BF-417C-8A58-36F646BCC47F}.Debug|Any CPU.ActiveCfg = Debug|Any CPU
		{004EB3C2-F9BF-417C-8A58-36F646BCC47F}.Debug|Any CPU.Build.0 = Debug|Any CPU
		{004EB3C2-F9BF-417C-8A58-36F646BCC47F}.Release|Any CPU.ActiveCfg = Release|Any CPU
		{004EB3C2-F9BF-417C-8A58-36F646BCC47F}.Release|Any CPU.Build.0 = Release|Any CPU
		{623210F7-4129-46E4-9F7F-CE4EEE1BEF74}.Debug|Any CPU.ActiveCfg = Debug|Any CPU
		{623210F7-4129-46E4-9F7F-CE4EEE1BEF74}.Debug|Any CPU.Build.0 = Debug|Any CPU
		{623210F7-4129-46E4-9F7F-CE4EEE1BEF74}.Release|Any CPU.ActiveCfg = Release|Any CPU
		{623210F7-4129-46E4-9F7F-CE4EEE1BEF74}.Release|Any CPU.Build.0 = Release|Any CPU
		{A35A1A09-C427-4404-81FF-EED6C45CBB1F}.Debug|Any CPU.ActiveCfg = Debug|Any CPU
		{A35A1A09-C427-4404-81FF-EED6C45CBB1F}.Debug|Any CPU.Build.0 = Debug|Any CPU
		{A35A1A09-C427-4404-81FF-EED6C45CBB1F}.Release|Any CPU.ActiveCfg = Release|Any CPU
		{A35A1A09-C427-4404-81FF-EED6C45CBB1F}.Release|Any CPU.Build.0 = Release|Any CPU
	EndGlobalSection
	GlobalSection(SolutionProperties) = preSolution
		HideSolutionNode = FALSE
	EndGlobalSection
EndGlobal
