
Microsoft Visual Studio Solution File, Format Version 12.00
# Visual Studio 2013
VisualStudioVersion = 12.0.21005.1
MinimumVisualStudioVersion = 10.0.40219.1
Project("{FAE04EC0-301F-11D3-BF4B-00C04F79EFBC}") = "ClassLibrary1", "ClassLibrary1\ClassLibrary1.csproj", "{7DFFD6FC-4070-4909-B0D7-57A17134C06D}"
EndProject
Project("{FAE04EC0-301F-11D3-BF4B-00C04F79EFBC}") = "ClassLibrary2", "ClassLibrary2\ClassLibrary2.csproj", "{BEBFB5BE-FE81-4071-9736-6FC6996417F4}"
EndProject
Project("{FAE04EC0-301F-11D3-BF4B-00C04F79EFBC}") = "ClassLibrary3", "ClassLibrary3\ClassLibrary3.csproj", "{19259B72-F1FF-49AD-AE20-2E8B3168D3B8}"
EndProject
Project("{FAE04EC0-301F-11D3-BF4B-00C04F79EFBC}") = "ClassLibrary4", "ClassLibrary4\ClassLibrary4.csproj", "{227E6E66-A43E-425E-A30A-207CF588CEA8}"
EndProject
Project("{FAE04EC0-301F-11D3-BF4B-00C04F79EFBC}") = "ClassLibrary5", "ClassLibrary5\ClassLibrary5.csproj", "{346698C8-418A-4DC1-837E-96197A659323}"
EndProject
Global
	GlobalSection(SolutionConfigurationPlatforms) = preSolution
		Debug|Any CPU = Debug|Any CPU
		Release|Any CPU = Release|Any CPU
	EndGlobalSection
	GlobalSection(ProjectConfigurationPlatforms) = postSolution
		{7DFFD6FC-4070-4909-B0D7-57A17134C06D}.Debug|Any CPU.ActiveCfg = Debug|Any CPU
		{7DFFD6FC-4070-4909-B0D7-57A17134C06D}.Debug|Any CPU.Build.0 = Debug|Any CPU
		{7DFFD6FC-4070-4909-B0D7-57A17134C06D}.Release|Any CPU.ActiveCfg = Release|Any CPU
		{7DFFD6FC-4070-4909-B0D7-57A17134C06D}.Release|Any CPU.Build.0 = Release|Any CPU
		{BEBFB5BE-FE81-4071-9736-6FC6996417F4}.Debug|Any CPU.ActiveCfg = Debug|Any CPU
		{BEBFB5BE-FE81-4071-9736-6FC6996417F4}.Debug|Any CPU.Build.0 = Debug|Any CPU
		{BEBFB5BE-FE81-4071-9736-6FC6996417F4}.Release|Any CPU.ActiveCfg = Release|Any CPU
		{BEBFB5BE-FE81-4071-9736-6FC6996417F4}.Release|Any CPU.Build.0 = Release|Any CPU
		{19259B72-F1FF-49AD-AE20-2E8B3168D3B8}.Debug|Any CPU.ActiveCfg = Debug|Any CPU
		{19259B72-F1FF-49AD-AE20-2E8B3168D3B8}.Debug|Any CPU.Build.0 = Debug|Any CPU
		{19259B72-F1FF-49AD-AE20-2E8B3168D3B8}.Release|Any CPU.ActiveCfg = Release|Any CPU
		{19259B72-F1FF-49AD-AE20-2E8B3168D3B8}.Release|Any CPU.Build.0 = Release|Any CPU
		{227E6E66-A43E-425E-A30A-207CF588CEA8}.Debug|Any CPU.ActiveCfg = Debug|Any CPU
		{227E6E66-A43E-425E-A30A-207CF588CEA8}.Debug|Any CPU.Build.0 = Debug|Any CPU
		{227E6E66-A43E-425E-A30A-207CF588CEA8}.Release|Any CPU.ActiveCfg = Release|Any CPU
		{227E6E66-A43E-425E-A30A-207CF588CEA8}.Release|Any CPU.Build.0 = Release|Any CPU
		{346698C8-418A-4DC1-837E-96197A659323}.Debug|Any CPU.ActiveCfg = Debug|Any CPU
		{346698C8-418A-4DC1-837E-96197A659323}.Debug|Any CPU.Build.0 = Debug|Any CPU
		{346698C8-418A-4DC1-837E-96197A659323}.Release|Any CPU.ActiveCfg = Release|Any CPU
		{346698C8-418A-4DC1-837E-96197A659323}.Release|Any CPU.Build.0 = Release|Any CPU
	EndGlobalSection
	GlobalSection(SolutionProperties) = preSolution
		HideSolutionNode = FALSE
	EndGlobalSection
	GlobalSection(NDepend) = preSolution
		Project = ".\WebApplication13.ndproj"
	EndGlobalSection
EndGlobal
