
Microsoft Visual Studio Solution File, Format Version 12.00
# Visual Studio 2012
Project("{FAE04EC0-301F-11D3-BF4B-00C04F79EFBC}") = "testy", "testy\testy.csproj", "{ED0D6631-AFE0-49FA-9EF3-704E137FB588}"
EndProject
Project("{FAE04EC0-301F-11D3-BF4B-00C04F79EFBC}") = "mock", "mock\mock.csproj", "{64C5C378-AA40-4786-A4FA-B7741C522117}"
EndProject
Global
	GlobalSection(SolutionConfigurationPlatforms) = preSolution
		Debug|Any CPU = Debug|Any CPU
		Release|Any CPU = Release|Any CPU
	EndGlobalSection
	GlobalSection(ProjectConfigurationPlatforms) = postSolution
		{ED0D6631-AFE0-49FA-9EF3-704E137FB588}.Debug|Any CPU.ActiveCfg = Debug|Any CPU
		{ED0D6631-AFE0-49FA-9EF3-704E137FB588}.Debug|Any CPU.Build.0 = Debug|Any CPU
		{ED0D6631-AFE0-49FA-9EF3-704E137FB588}.Release|Any CPU.ActiveCfg = Release|Any CPU
		{ED0D6631-AFE0-49FA-9EF3-704E137FB588}.Release|Any CPU.Build.0 = Release|Any CPU
		{64C5C378-AA40-4786-A4FA-B7741C522117}.Debug|Any CPU.ActiveCfg = Debug|Any CPU
		{64C5C378-AA40-4786-A4FA-B7741C522117}.Debug|Any CPU.Build.0 = Debug|Any CPU
		{64C5C378-AA40-4786-A4FA-B7741C522117}.Release|Any CPU.ActiveCfg = Release|Any CPU
		{64C5C378-AA40-4786-A4FA-B7741C522117}.Release|Any CPU.Build.0 = Release|Any CPU
	EndGlobalSection
	GlobalSection(SolutionProperties) = preSolution
		HideSolutionNode = FALSE
	EndGlobalSection
EndGlobal
